// !$*UTF8*$!
{
	archiveVersion = 1;
	classes = {
	};
	objectVersion = 56;
	objects = {

/* Begin PBXBuildFile section */
		19B33C5E2AD6C699003C4D42 /* RentyVillaApp.swift in Sources */ = {isa = PBXBuildFile; fileRef = 19B33C5D2AD6C699003C4D42 /* RentyVillaApp.swift */; };
		19B33C602AD6C699003C4D42 /* ContentView.swift in Sources */ = {isa = PBXBuildFile; fileRef = 19B33C5F2AD6C699003C4D42 /* ContentView.swift */; };
		19B33C622AD6C69B003C4D42 /* Assets.xcassets in Resources */ = {isa = PBXBuildFile; fileRef = 19B33C612AD6C69B003C4D42 /* Assets.xcassets */; };
		19B33C652AD6C69B003C4D42 /* Preview Assets.xcassets in Resources */ = {isa = PBXBuildFile; fileRef = 19B33C642AD6C69B003C4D42 /* Preview Assets.xcassets */; };
		19B33C782AD6C78C003C4D42 /* SideMenuView.swift in Sources */ = {isa = PBXBuildFile; fileRef = 19B33C772AD6C78C003C4D42 /* SideMenuView.swift */; };
		19B33C7B2AD6C7A7003C4D42 /* RoundedShapeRect.swift in Sources */ = {isa = PBXBuildFile; fileRef = 19B33C7A2AD6C7A7003C4D42 /* RoundedShapeRect.swift */; };
		19B33C7D2AD6C7CE003C4D42 /* Home.swift in Sources */ = {isa = PBXBuildFile; fileRef = 19B33C7C2AD6C7CE003C4D42 /* Home.swift */; };
		19B33C7F2AD6C92E003C4D42 /* Raleway-Bold.ttf in Resources */ = {isa = PBXBuildFile; fileRef = 19B33C7E2AD6C92E003C4D42 /* Raleway-Bold.ttf */; };
		19B33C812AD6C936003C4D42 /* Raleway-SemiBold.ttf in Resources */ = {isa = PBXBuildFile; fileRef = 19B33C802AD6C936003C4D42 /* Raleway-SemiBold.ttf */; };
		19B33C832AD6C93D003C4D42 /* Raleway-Medium.ttf in Resources */ = {isa = PBXBuildFile; fileRef = 19B33C822AD6C93D003C4D42 /* Raleway-Medium.ttf */; };
		19B33C852AD6C944003C4D42 /* Raleway-Regular.ttf in Resources */ = {isa = PBXBuildFile; fileRef = 19B33C842AD6C944003C4D42 /* Raleway-Regular.ttf */; };
/* End PBXBuildFile section */

/* Begin PBXFileReference section */
		19B33C5A2AD6C699003C4D42 /* RentyVilla.app */ = {isa = PBXFileReference; explicitFileType = wrapper.application; includeInIndex = 0; path = RentyVilla.app; sourceTree = BUILT_PRODUCTS_DIR; };
		19B33C5D2AD6C699003C4D42 /* RentyVillaApp.swift */ = {isa = PBXFileReference; lastKnownFileType = sourcecode.swift; path = RentyVillaApp.swift; sourceTree = "<group>"; };
		19B33C5F2AD6C699003C4D42 /* ContentView.swift */ = {isa = PBXFileReference; lastKnownFileType = sourcecode.swift; path = ContentView.swift; sourceTree = "<group>"; };
		19B33C612AD6C69B003C4D42 /* Assets.xcassets */ = {isa = PBXFileReference; lastKnownFileType = folder.assetcatalog; path = Assets.xcassets; sourceTree = "<group>"; };
		19B33C642AD6C69B003C4D42 /* Preview Assets.xcassets */ = {isa = PBXFileReference; lastKnownFileType = folder.assetcatalog; path = "Preview Assets.xcassets"; sourceTree = "<group>"; };
		19B33C772AD6C78C003C4D42 /* SideMenuView.swift */ = {isa = PBXFileReference; lastKnownFileType = sourcecode.swift; path = SideMenuView.swift; sourceTree = "<group>"; };
		19B33C7A2AD6C7A7003C4D42 /* RoundedShapeRect.swift */ = {isa = PBXFileReference; lastKnownFileType = sourcecode.swift; path = RoundedShapeRect.swift; sourceTree = "<group>"; };
		19B33C7C2AD6C7CE003C4D42 /* Home.swift */ = {isa = PBXFileReference; lastKnownFileType = sourcecode.swift; path = Home.swift; sourceTree = "<group>"; };
		19B33C7E2AD6C92E003C4D42 /* Raleway-Bold.ttf */ = {isa = PBXFileReference; lastKnownFileType = file; path = "Raleway-Bold.ttf"; sourceTree = "<group>"; };
		19B33C802AD6C936003C4D42 /* Raleway-SemiBold.ttf */ = {isa = PBXFileReference; lastKnownFileType = file; path = "Raleway-SemiBold.ttf"; sourceTree = "<group>"; };
		19B33C822AD6C93D003C4D42 /* Raleway-Medium.ttf */ = {isa = PBXFileReference; lastKnownFileType = file; path = "Raleway-Medium.ttf"; sourceTree = "<group>"; };
		19B33C842AD6C944003C4D42 /* Raleway-Regular.ttf */ = {isa = PBXFileReference; lastKnownFileType = file; path = "Raleway-Regular.ttf"; sourceTree = "<group>"; };
		19B33C862AD6C952003C4D42 /* Info.plist */ = {isa = PBXFileReference; lastKnownFileType = text.plist; path = Info.plist; sourceTree = "<group>"; };
/* End PBXFileReference section */

/* Begin PBXFrameworksBuildPhase section */
		19B33C572AD6C699003C4D42 /* Frameworks */ = {
			isa = PBXFrameworksBuildPhase;
			buildActionMask = 2147483647;
			files = (
			);
			runOnlyForDeploymentPostprocessing = 0;
		};
/* End PBXFrameworksBuildPhase section */

/* Begin PBXGroup section */
		19B33C512AD6C699003C4D42 = {
			isa = PBXGroup;
			children = (
				19B33C5C2AD6C699003C4D42 /* RentyVilla */,
				19B33C5B2AD6C699003C4D42 /* Products */,
			);
			sourceTree = "<group>";
		};
		19B33C5B2AD6C699003C4D42 /* Products */ = {
			isa = PBXGroup;
			children = (
				19B33C5A2AD6C699003C4D42 /* RentyVilla.app */,
			);
			name = Products;
			sourceTree = "<group>";
		};
		19B33C5C2AD6C699003C4D42 /* RentyVilla */ = {
			isa = PBXGroup;
			children = (
				19B33C862AD6C952003C4D42 /* Info.plist */,
				19B33C742AD6C75B003C4D42 /* App */,
				19B33C712AD6C748003C4D42 /* Data */,
				19B33C702AD6C744003C4D42 /* Fonts */,
				19B33C6E2AD6C6FB003C4D42 /* Model */,
				19B33C6F2AD6C734003C4D42 /* Service */,
				19B33C6D2AD6C6F0003C4D42 /* Views */,
				19B33C5F2AD6C699003C4D42 /* ContentView.swift */,
				19B33C6C2AD6C6A5003C4D42 /* ViewModels */,
				19B33C612AD6C69B003C4D42 /* Assets.xcassets */,
				19B33C632AD6C69B003C4D42 /* Preview Content */,
			);
			path = RentyVilla;
			sourceTree = "<group>";
		};
		19B33C632AD6C69B003C4D42 /* Preview Content */ = {
			isa = PBXGroup;
			children = (
				19B33C642AD6C69B003C4D42 /* Preview Assets.xcassets */,
			);
			path = "Preview Content";
			sourceTree = "<group>";
		};
		19B33C6C2AD6C6A5003C4D42 /* ViewModels */ = {
			isa = PBXGroup;
			children = (
			);
			path = ViewModels;
			sourceTree = "<group>";
		};
		19B33C6D2AD6C6F0003C4D42 /* Views */ = {
			isa = PBXGroup;
			children = (
				19B33C762AD6C76E003C4D42 /* Components */,
				19B33C752AD6C768003C4D42 /* SideMenu */,
				19B33C7C2AD6C7CE003C4D42 /* Home.swift */,
			);
			path = Views;
			sourceTree = "<group>";
		};
		19B33C6E2AD6C6FB003C4D42 /* Model */ = {
			isa = PBXGroup;
			children = (
			);
			path = Model;
			sourceTree = "<group>";
		};
		19B33C6F2AD6C734003C4D42 /* Service */ = {
			isa = PBXGroup;
			children = (
			);
			path = Service;
			sourceTree = "<group>";
		};
		19B33C702AD6C744003C4D42 /* Fonts */ = {
			isa = PBXGroup;
			children = (
				19B33C7E2AD6C92E003C4D42 /* Raleway-Bold.ttf */,
				19B33C802AD6C936003C4D42 /* Raleway-SemiBold.ttf */,
				19B33C822AD6C93D003C4D42 /* Raleway-Medium.ttf */,
				19B33C842AD6C944003C4D42 /* Raleway-Regular.ttf */,
			);
			path = Fonts;
			sourceTree = "<group>";
		};
		19B33C712AD6C748003C4D42 /* Data */ = {
			isa = PBXGroup;
			children = (
				19B33C732AD6C756003C4D42 /* Mocks */,
				19B33C722AD6C74D003C4D42 /* Remote */,
			);
			path = Data;
			sourceTree = "<group>";
		};
		19B33C722AD6C74D003C4D42 /* Remote */ = {
			isa = PBXGroup;
			children = (
			);
			path = Remote;
			sourceTree = "<group>";
		};
		19B33C732AD6C756003C4D42 /* Mocks */ = {
			isa = PBXGroup;
			children = (
			);
			path = Mocks;
			sourceTree = "<group>";
		};
		19B33C742AD6C75B003C4D42 /* App */ = {
			isa = PBXGroup;
			children = (
				19B33C5D2AD6C699003C4D42 /* RentyVillaApp.swift */,
			);
			path = App;
			sourceTree = "<group>";
		};
		19B33C752AD6C768003C4D42 /* SideMenu */ = {
			isa = PBXGroup;
			children = (
				19B33C772AD6C78C003C4D42 /* SideMenuView.swift */,
			);
			path = SideMenu;
			sourceTree = "<group>";
		};
		19B33C762AD6C76E003C4D42 /* Components */ = {
			isa = PBXGroup;
			children = (
				19B33C7A2AD6C7A7003C4D42 /* RoundedShapeRect.swift */,
			);
			path = Components;
			sourceTree = "<group>";
		};
/* End PBXGroup section */

/* Begin PBXNativeTarget section */
		19B33C592AD6C699003C4D42 /* RentyVilla */ = {
			isa = PBXNativeTarget;
			buildConfigurationList = 19B33C682AD6C69B003C4D42 /* Build configuration list for PBXNativeTarget "RentyVilla" */;
			buildPhases = (
				19B33C562AD6C699003C4D42 /* Sources */,
				19B33C572AD6C699003C4D42 /* Frameworks */,
				19B33C582AD6C699003C4D42 /* Resources */,
			);
			buildRules = (
			);
			dependencies = (
			);
			name = RentyVilla;
			productName = RentyVilla;
			productReference = 19B33C5A2AD6C699003C4D42 /* RentyVilla.app */;
			productType = "com.apple.product-type.application";
		};
/* End PBXNativeTarget section */

/* Begin PBXProject section */
		19B33C522AD6C699003C4D42 /* Project object */ = {
			isa = PBXProject;
			attributes = {
				BuildIndependentTargetsInParallel = 1;
				LastSwiftUpdateCheck = 1500;
				LastUpgradeCheck = 1500;
				TargetAttributes = {
					19B33C592AD6C699003C4D42 = {
						CreatedOnToolsVersion = 15.0;
					};
				};
			};
			buildConfigurationList = 19B33C552AD6C699003C4D42 /* Build configuration list for PBXProject "RentyVilla" */;
			compatibilityVersion = "Xcode 14.0";
			developmentRegion = en;
			hasScannedForEncodings = 0;
			knownRegions = (
				en,
				Base,
			);
			mainGroup = 19B33C512AD6C699003C4D42;
			productRefGroup = 19B33C5B2AD6C699003C4D42 /* Products */;
			projectDirPath = "";
			projectRoot = "";
			targets = (
				19B33C592AD6C699003C4D42 /* RentyVilla */,
			);
		};
/* End PBXProject section */

/* Begin PBXResourcesBuildPhase section */
		19B33C582AD6C699003C4D42 /* Resources */ = {
			isa = PBXResourcesBuildPhase;
			buildActionMask = 2147483647;
			files = (
				19B33C652AD6C69B003C4D42 /* Preview Assets.xcassets in Resources */,
				19B33C852AD6C944003C4D42 /* Raleway-Regular.ttf in Resources */,
				19B33C812AD6C936003C4D42 /* Raleway-SemiBold.ttf in Resources */,
				19B33C832AD6C93D003C4D42 /* Raleway-Medium.ttf in Resources */,
				19B33C7F2AD6C92E003C4D42 /* Raleway-Bold.ttf in Resources */,
				19B33C622AD6C69B003C4D42 /* Assets.xcassets in Resources */,
			);
			runOnlyForDeploymentPostprocessing = 0;
		};
/* End PBXResourcesBuildPhase section */

/* Begin PBXSourcesBuildPhase section */
		19B33C562AD6C699003C4D42 /* Sources */ = {
			isa = PBXSourcesBuildPhase;
			buildActionMask = 2147483647;
			files = (
				19B33C782AD6C78C003C4D42 /* SideMenuView.swift in Sources */,
				19B33C7B2AD6C7A7003C4D42 /* RoundedShapeRect.swift in Sources */,
				19B33C7D2AD6C7CE003C4D42 /* Home.swift in Sources */,
				19B33C602AD6C699003C4D42 /* ContentView.swift in Sources */,
				19B33C5E2AD6C699003C4D42 /* RentyVillaApp.swift in Sources */,
			);
			runOnlyForDeploymentPostprocessing = 0;
		};
/* End PBXSourcesBuildPhase section */

/* Begin XCBuildConfiguration section */
		19B33C662AD6C69B003C4D42 /* Debug */ = {
			isa = XCBuildConfiguration;
			buildSettings = {
				ALWAYS_SEARCH_USER_PATHS = NO;
				ASSETCATALOG_COMPILER_GENERATE_SWIFT_ASSET_SYMBOL_EXTENSIONS = YES;
				CLANG_ANALYZER_NONNULL = YES;
				CLANG_ANALYZER_NUMBER_OBJECT_CONVERSION = YES_AGGRESSIVE;
				CLANG_CXX_LANGUAGE_STANDARD = "gnu++20";
				CLANG_ENABLE_MODULES = YES;
				CLANG_ENABLE_OBJC_ARC = YES;
				CLANG_ENABLE_OBJC_WEAK = YES;
				CLANG_WARN_BLOCK_CAPTURE_AUTORELEASING = YES;
				CLANG_WARN_BOOL_CONVERSION = YES;
				CLANG_WARN_COMMA = YES;
				CLANG_WARN_CONSTANT_CONVERSION = YES;
				CLANG_WARN_DEPRECATED_OBJC_IMPLEMENTATIONS = YES;
				CLANG_WARN_DIRECT_OBJC_ISA_USAGE = YES_ERROR;
				CLANG_WARN_DOCUMENTATION_COMMENTS = YES;
				CLANG_WARN_EMPTY_BODY = YES;
				CLANG_WARN_ENUM_CONVERSION = YES;
				CLANG_WARN_INFINITE_RECURSION = YES;
				CLANG_WARN_INT_CONVERSION = YES;
				CLANG_WARN_NON_LITERAL_NULL_CONVERSION = YES;
				CLANG_WARN_OBJC_IMPLICIT_RETAIN_SELF = YES;
				CLANG_WARN_OBJC_LITERAL_CONVERSION = YES;
				CLANG_WARN_OBJC_ROOT_CLASS = YES_ERROR;
				CLANG_WARN_QUOTED_INCLUDE_IN_FRAMEWORK_HEADER = YES;
				CLANG_WARN_RANGE_LOOP_ANALYSIS = YES;
				CLANG_WARN_STRICT_PROTOTYPES = YES;
				CLANG_WARN_SUSPICIOUS_MOVE = YES;
				CLANG_WARN_UNGUARDED_AVAILABILITY = YES_AGGRESSIVE;
				CLANG_WARN_UNREACHABLE_CODE = YES;
				CLANG_WARN__DUPLICATE_METHOD_MATCH = YES;
				COPY_PHASE_STRIP = NO;
				DEBUG_INFORMATION_FORMAT = dwarf;
				ENABLE_STRICT_OBJC_MSGSEND = YES;
				ENABLE_TESTABILITY = YES;
				ENABLE_USER_SCRIPT_SANDBOXING = YES;
				GCC_C_LANGUAGE_STANDARD = gnu17;
				GCC_DYNAMIC_NO_PIC = NO;
				GCC_NO_COMMON_BLOCKS = YES;
				GCC_OPTIMIZATION_LEVEL = 0;
				GCC_PREPROCESSOR_DEFINITIONS = (
					"DEBUG=1",
					"$(inherited)",
				);
				GCC_WARN_64_TO_32_BIT_CONVERSION = YES;
				GCC_WARN_ABOUT_RETURN_TYPE = YES_ERROR;
				GCC_WARN_UNDECLARED_SELECTOR = YES;
				GCC_WARN_UNINITIALIZED_AUTOS = YES_AGGRESSIVE;
				GCC_WARN_UNUSED_FUNCTION = YES;
				GCC_WARN_UNUSED_VARIABLE = YES;
				IPHONEOS_DEPLOYMENT_TARGET = 17.0;
				LOCALIZATION_PREFERS_STRING_CATALOGS = YES;
				MTL_ENABLE_DEBUG_INFO = INCLUDE_SOURCE;
				MTL_FAST_MATH = YES;
				ONLY_ACTIVE_ARCH = YES;
				SDKROOT = iphoneos;
				SWIFT_ACTIVE_COMPILATION_CONDITIONS = "DEBUG $(inherited)";
				SWIFT_OPTIMIZATION_LEVEL = "-Onone";
			};
			name = Debug;
		};
		19B33C672AD6C69B003C4D42 /* Release */ = {
			isa = XCBuildConfiguration;
			buildSettings = {
				ALWAYS_SEARCH_USER_PATHS = NO;
				ASSETCATALOG_COMPILER_GENERATE_SWIFT_ASSET_SYMBOL_EXTENSIONS = YES;
				CLANG_ANALYZER_NONNULL = YES;
				CLANG_ANALYZER_NUMBER_OBJECT_CONVERSION = YES_AGGRESSIVE;
				CLANG_CXX_LANGUAGE_STANDARD = "gnu++20";
				CLANG_ENABLE_MODULES = YES;
				CLANG_ENABLE_OBJC_ARC = YES;
				CLANG_ENABLE_OBJC_WEAK = YES;
				CLANG_WARN_BLOCK_CAPTURE_AUTORELEASING = YES;
				CLANG_WARN_BOOL_CONVERSION = YES;
				CLANG_WARN_COMMA = YES;
				CLANG_WARN_CONSTANT_CONVERSION = YES;
				CLANG_WARN_DEPRECATED_OBJC_IMPLEMENTATIONS = YES;
				CLANG_WARN_DIRECT_OBJC_ISA_USAGE = YES_ERROR;
				CLANG_WARN_DOCUMENTATION_COMMENTS = YES;
				CLANG_WARN_EMPTY_BODY = YES;
				CLANG_WARN_ENUM_CONVERSION = YES;
				CLANG_WARN_INFINITE_RECURSION = YES;
				CLANG_WARN_INT_CONVERSION = YES;
				CLANG_WARN_NON_LITERAL_NULL_CONVERSION = YES;
				CLANG_WARN_OBJC_IMPLICIT_RETAIN_SELF = YES;
				CLANG_WARN_OBJC_LITERAL_CONVERSION = YES;
				CLANG_WARN_OBJC_ROOT_CLASS = YES_ERROR;
				CLANG_WARN_QUOTED_INCLUDE_IN_FRAMEWORK_HEADER = YES;
				CLANG_WARN_RANGE_LOOP_ANALYSIS = YES;
				CLANG_WARN_STRICT_PROTOTYPES = YES;
				CLANG_WARN_SUSPICIOUS_MOVE = YES;
				CLANG_WARN_UNGUARDED_AVAILABILITY = YES_AGGRESSIVE;
				CLANG_WARN_UNREACHABLE_CODE = YES;
				CLANG_WARN__DUPLICATE_METHOD_MATCH = YES;
				COPY_PHASE_STRIP = NO;
				DEBUG_INFORMATION_FORMAT = "dwarf-with-dsym";
				ENABLE_NS_ASSERTIONS = NO;
				ENABLE_STRICT_OBJC_MSGSEND = YES;
				ENABLE_USER_SCRIPT_SANDBOXING = YES;
				GCC_C_LANGUAGE_STANDARD = gnu17;
				GCC_NO_COMMON_BLOCKS = YES;
				GCC_WARN_64_TO_32_BIT_CONVERSION = YES;
				GCC_WARN_ABOUT_RETURN_TYPE = YES_ERROR;
				GCC_WARN_UNDECLARED_SELECTOR = YES;
				GCC_WARN_UNINITIALIZED_AUTOS = YES_AGGRESSIVE;
				GCC_WARN_UNUSED_FUNCTION = YES;
				GCC_WARN_UNUSED_VARIABLE = YES;
				IPHONEOS_DEPLOYMENT_TARGET = 17.0;
				LOCALIZATION_PREFERS_STRING_CATALOGS = YES;
				MTL_ENABLE_DEBUG_INFO = NO;
				MTL_FAST_MATH = YES;
				SDKROOT = iphoneos;
				SWIFT_COMPILATION_MODE = wholemodule;
				VALIDATE_PRODUCT = YES;
			};
			name = Release;
		};
		19B33C692AD6C69B003C4D42 /* Debug */ = {
			isa = XCBuildConfiguration;
			buildSettings = {
				ASSETCATALOG_COMPILER_APPICON_NAME = AppIcon;
				ASSETCATALOG_COMPILER_GLOBAL_ACCENT_COLOR_NAME = AccentColor;
				CODE_SIGN_STYLE = Automatic;
				CURRENT_PROJECT_VERSION = 1;
				DEVELOPMENT_ASSET_PATHS = "\"RentyVilla/Preview Content\"";
				ENABLE_PREVIEWS = YES;
				GENERATE_INFOPLIST_FILE = YES;
				INFOPLIST_FILE = RentyVilla/Info.plist;
				INFOPLIST_KEY_UIApplicationSceneManifest_Generation = YES;
				INFOPLIST_KEY_UIApplicationSupportsIndirectInputEvents = YES;
				INFOPLIST_KEY_UILaunchScreen_Generation = YES;
				INFOPLIST_KEY_UISupportedInterfaceOrientations_iPad = "UIInterfaceOrientationPortrait UIInterfaceOrientationPortraitUpsideDown UIInterfaceOrientationLandscapeLeft UIInterfaceOrientationLandscapeRight";
				INFOPLIST_KEY_UISupportedInterfaceOrientations_iPhone = "UIInterfaceOrientationPortrait UIInterfaceOrientationLandscapeLeft UIInterfaceOrientationLandscapeRight";
				LD_RUNPATH_SEARCH_PATHS = (
					"$(inherited)",
					"@executable_path/Frameworks",
				);
				MARKETING_VERSION = 1.0;
				PRODUCT_BUNDLE_IDENTIFIER = com.RentyVilla;
				PRODUCT_NAME = "$(TARGET_NAME)";
				SWIFT_EMIT_LOC_STRINGS = YES;
				SWIFT_VERSION = 5.0;
				TARGETED_DEVICE_FAMILY = "1,2";
			};
			name = Debug;
		};
		19B33C6A2AD6C69B003C4D42 /* Release */ = {
			isa = XCBuildConfiguration;
			buildSettings = {
				ASSETCATALOG_COMPILER_APPICON_NAME = AppIcon;
				ASSETCATALOG_COMPILER_GLOBAL_ACCENT_COLOR_NAME = AccentColor;
				CODE_SIGN_STYLE = Automatic;
				CURRENT_PROJECT_VERSION = 1;
				DEVELOPMENT_ASSET_PATHS = "\"RentyVilla/Preview Content\"";
				ENABLE_PREVIEWS = YES;
				GENERATE_INFOPLIST_FILE = YES;
				INFOPLIST_FILE = RentyVilla/Info.plist;
				INFOPLIST_KEY_UIApplicationSceneManifest_Generation = YES;
				INFOPLIST_KEY_UIApplicationSupportsIndirectInputEvents = YES;
				INFOPLIST_KEY_UILaunchScreen_Generation = YES;
				INFOPLIST_KEY_UISupportedInterfaceOrientations_iPad = "UIInterfaceOrientationPortrait UIInterfaceOrientationPortraitUpsideDown UIInterfaceOrientationLandscapeLeft UIInterfaceOrientationLandscapeRight";
				INFOPLIST_KEY_UISupportedInterfaceOrientations_iPhone = "UIInterfaceOrientationPortrait UIInterfaceOrientationLandscapeLeft UIInterfaceOrientationLandscapeRight";
				LD_RUNPATH_SEARCH_PATHS = (
					"$(inherited)",
					"@executable_path/Frameworks",
				);
				MARKETING_VERSION = 1.0;
				PRODUCT_BUNDLE_IDENTIFIER = com.RentyVilla;
				PRODUCT_NAME = "$(TARGET_NAME)";
				SWIFT_EMIT_LOC_STRINGS = YES;
				SWIFT_VERSION = 5.0;
				TARGETED_DEVICE_FAMILY = "1,2";
			};
			name = Release;
		};
/* End XCBuildConfiguration section */

/* Begin XCConfigurationList section */
		19B33C552AD6C699003C4D42 /* Build configuration list for PBXProject "RentyVilla" */ = {
			isa = XCConfigurationList;
			buildConfigurations = (
				19B33C662AD6C69B003C4D42 /* Debug */,
				19B33C672AD6C69B003C4D42 /* Release */,
			);
			defaultConfigurationIsVisible = 0;
			defaultConfigurationName = Release;
		};
		19B33C682AD6C69B003C4D42 /* Build configuration list for PBXNativeTarget "RentyVilla" */ = {
			isa = XCConfigurationList;
			buildConfigurations = (
				19B33C692AD6C69B003C4D42 /* Debug */,
				19B33C6A2AD6C69B003C4D42 /* Release */,
			);
			defaultConfigurationIsVisible = 0;
			defaultConfigurationName = Release;
		};
/* End XCConfigurationList section */
	};
	rootObject = 19B33C522AD6C699003C4D42 /* Project object */;
}
